
Microsoft Visual Studio Solution File, Format Version 12.00
# Visual Studio Version 16
VisualStudioVersion = 16.0.30503.244
MinimumVisualStudioVersion = 10.0.40219.1
Project("{FAE04EC0-301F-11D3-BF4B-00C04F79EFBC}") = "Banking", "Banking\Banking.csproj", "{66BF2164-1D26-4862-ADB7-843B025FC7CF}"
EndProject
Global
	GlobalSection(SolutionConfigurationPlatforms) = preSolution
		Debug|Any CPU = Debug|Any CPU
		Release|Any CPU = Release|Any CPU
	EndGlobalSection
	GlobalSection(ProjectConfigurationPlatforms) = postSolution
		{66BF2164-1D26-4862-ADB7-843B025FC7CF}.Debug|Any CPU.ActiveCfg = Debug|Any CPU
		{66BF2164-1D26-4862-ADB7-843B025FC7CF}.Debug|Any CPU.Build.0 = Debug|Any CPU
		{66BF2164-1D26-4862-ADB7-843B025FC7CF}.Release|Any CPU.ActiveCfg = Release|Any CPU
		{66BF2164-1D26-4862-ADB7-843B025FC7CF}.Release|Any CPU.Build.0 = Release|Any CPU
	EndGlobalSection
	GlobalSection(SolutionProperties) = preSolution
		HideSolutionNode = FALSE
	EndGlobalSection
	GlobalSection(ExtensibilityGlobals) = postSolution
		SolutionGuid = {8EC7C916-536C-422C-AE3F-A9C6D1E94FA8}
	EndGlobalSection
EndGlobal
